{
  "name": "Offline",
  "version": "0.0.1",
  "lockfileVersion": 3,
  "requires": true,
  "packages": {
    "": {
      "name": "Offline",
      "version": "0.0.1",
      "dependencies": {
        "bull": "^1.0.0",
        "q": "^1.4.1",
        "uniqid": "^4.1.0"
      },
      "devDependencies": {}
    },
    "node_modules/bluebird": {
      "version": "3.7.2",
      "resolved": "https://registry.npmjs.org/bluebird/-/bluebird-3.7.2.tgz",
      "integrity": "sha512-XpNj6GDQzdfW+r2Wnn7xiSAd7TM3jzkxGXBGTtWKuSXv1xUV+azxAm8jdWZN06QTQk+2N2XB9jRDkvbmQmcRtg=="
    },
    "node_modules/bull": {
      "version": "1.1.3",
      "resolved": "https://registry.npmjs.org/bull/-/bull-1.1.3.tgz",
      "integrity": "sha512-ormIY5xgTzYPYiS8HiPt4TPFMHeuDiT9TcANW5fz5NDJPWavdBArUWSuSWlAasM3qc0qUuOi+WdMM87ibdqJeA==",
      "dependencies": {
        "bluebird": "^3.4.6",
        "debuglog": "^1.0.0",
        "disturbed": "^1.0.6",
        "lodash": "^4.16.6",
        "node-uuid": "^1.4.7",
        "redis": "^2.6.3",
        "semver": "^5.3.0"
      }
    },
    "node_modules/debuglog": {
      "version": "1.0.1",
      "resolved": "https://registry.npmjs.org/debuglog/-/debuglog-1.0.1.tgz",
      "integrity": "sha1-qiT/uaw9+aI1GDfPstJ5NgzXhJI=",
      "deprecated": "Package no longer supported. Contact Support at https://www.npmjs.com/support for more info.",
      "engines": {
        "node": "*"
      }
    },
    "node_modules/disturbed": {
      "version": "1.0.6",
      "resolved": "https://registry.npmjs.org/disturbed/-/disturbed-1.0.6.tgz",
      "integrity": "sha1-o9dSTveIWXPjyJdoqh9dTnJscug=",
      "dependencies": {
        "node-uuid": "^1.4.7"
      }
    },
    "node_modules/double-ended-queue": {
      "version": "2.1.0-0",
      "resolved": "https://registry.npmjs.org/double-ended-queue/-/double-ended-queue-2.1.0-0.tgz",
      "integrity": "sha1-ED01J/0xUo9AGIEwyEHv3XgmTlw="
    },
    "node_modules/lodash": {
      "version": "4.17.21",
      "resolved": "https://registry.npmjs.org/lodash/-/lodash-4.17.21.tgz",
      "integrity": "sha512-v2kDEe57lecTulaDIuNTPy3Ry4gLGJ6Z1O3vE1krgXZNrsQ+LFTGHVxVjcXPs17LhbZVGedAJv8XZ1tvj5FvSg=="
    },
    "node_modules/macaddress": {
      "version": "0.2.9",
      "resolved": "https://registry.npmjs.org/macaddress/-/macaddress-0.2.9.tgz",
      "integrity": "sha512-k4F1JUof6cQXxNFzx3thLby4oJzXTXQueAOOts944Vqizn+Rjc2QNFenT9FJSLU1CH3PmrHRSyZs2E+Cqw+P2w=="
    },
    "node_modules/node-uuid": {
      "version": "1.4.8",
      "resolved": "https://registry.npmjs.org/node-uuid/-/node-uuid-1.4.8.tgz",
      "integrity": "sha1-sEDrCSOWivq/jTL7HxfxFn/auQc=",
      "deprecated": "Use uuid module instead",
      "bin": {
        "uuid": "bin/uuid"
      }
    },
    "node_modules/q": {
      "version": "1.5.1",
      "resolved": "https://registry.npmjs.org/q/-/q-1.5.1.tgz",
      "integrity": "sha1-fjL3W0E4EpHQRhHxvxQQmsAGUdc=",
      "engines": {
        "node": ">=0.6.0",
        "teleport": ">=0.2.0"
      }
    },
    "node_modules/redis": {
      "version": "2.8.0",
      "resolved": "https://registry.npmjs.org/redis/-/redis-2.8.0.tgz",
      "integrity": "sha512-M1OkonEQwtRmZv4tEWF2VgpG0JWJ8Fv1PhlgT5+B+uNq2cA3Rt1Yt/ryoR+vQNOQcIEgdCdfH0jr3bDpihAw1A==",
      "dependencies": {
        "double-ended-queue": "^2.1.0-0",
        "redis-commands": "^1.2.0",
        "redis-parser": "^2.6.0"
      },
      "engines": {
        "node": ">=0.10.0"
      }
    },
    "node_modules/redis-commands": {
      "version": "1.5.0",
      "resolved": "https://registry.npmjs.org/redis-commands/-/redis-commands-1.5.0.tgz",
      "integrity": "sha512-6KxamqpZ468MeQC3bkWmCB1fp56XL64D4Kf0zJSwDZbVLLm7KFkoIcHrgRvQ+sk8dnhySs7+yBg94yIkAK7aJg=="
    },
    "node_modules/redis-parser": {
      "version": "2.6.0",
      "resolved": "https://registry.npmjs.org/redis-parser/-/redis-parser-2.6.0.tgz",
      "integrity": "sha1-Uu0J2srBCPGmMcB+m2mUHnoZUEs=",
      "engines": {
        "node": ">=0.10.0"
      }
    },
    "node_modules/semver": {
      "version": "5.7.2",
      "resolved": "https://registry.npmjs.org/semver/-/semver-5.7.2.tgz",
      "integrity": "sha512-cBznnQ9KjJqU67B52RMC65CMarK2600WFnbkcaiwWq3xy/5haFJlshgnpjovMVJ+Hff49d8GEn0b87C5pDQ10g==",
      "bin": {
        "semver": "bin/semver"
      }
    },
    "node_modules/uniqid": {
      "version": "4.1.1",
      "resolved": "https://registry.npmjs.org/uniqid/-/uniqid-4.1.1.tgz",
      "integrity": "sha1-iSIN32t1GuUrX3JISGNShZa7hME=",
      "dependencies": {
        "macaddress": "^0.2.8"
      }
    }
  }
}
