{
  "name": "crypt",
  "version": "0.0.1",
  "lockfileVersion": 1,
  "requires": true,
  "dependencies": {
    "macaddress": {
      "version": "0.2.9",
      "resolved": "https://registry.npmjs.org/macaddress/-/macaddress-0.2.9.tgz",
      "integrity": "sha512-k4F1JUof6cQXxNFzx3thLby4oJzXTXQueAOOts944Vqizn+Rjc2QNFenT9FJSLU1CH3PmrHRSyZs2E+Cqw+P2w=="
    },
    "uniqid": {
      "version": "4.1.1",
      "resolved": "https://registry.npmjs.org/uniqid/-/uniqid-4.1.1.tgz",
      "integrity": "sha512-jdaD46X0I0Q3NOlPEnZ+dfsiAE4L8mBg7UB7mpzc6JN2ERQd4TtpXXsTOO2RqwTFwPifyYv6zTMl/sODGfdcxA==",
      "requires": {
        "macaddress": "^0.2.8"
      }
    }
  }
}
