{
  "name": "Matomo",
  "version": "0.0.1",
  "lockfileVersion": 3,
  "requires": true,
  "packages": {
    "": {
      "name": "Matomo",
      "version": "0.0.1",
      "dependencies": {
        "matomo-tracker": "^2.2.4"
      }
    },
    "node_modules/matomo-tracker": {
      "version": "2.2.4",
      "resolved": "https://registry.npmjs.org/matomo-tracker/-/matomo-tracker-2.2.4.tgz",
      "integrity": "sha512-7fDy4wRhDQ1dnSxVqmnVqmmos9ACKag0fCBtBD3/Qeoqks7MFqXcO35nfS6S8xU/IXNf7534q/4Gx8fuWKYW6A==",
      "engines": {
        "node": ">=4.2.0"
      }
    }
  }
}
