{
  "name": "Matomo",
  "version": "0.0.1",
  "lockfileVersion": 1,
  "requires": true,
  "dependencies": {
    "matomo-tracker": {
      "version": "2.2.0",
      "resolved": "https://registry.npmjs.org/matomo-tracker/-/matomo-tracker-2.2.0.tgz",
      "integrity": "sha512-kZIN4zRmuWRyG4S42kkMawMcsT6BQ/FYPK8IjeLNXAbN/CwPSlxlt7SdSyK/5k8F+S8nlmjXeUXf5SNFAXi8dA=="
    }
  }
}
