{
  "name": "Logger",
  "version": "0.0.1",
  "lockfileVersion": 3,
  "requires": true,
  "packages": {
    "": {
      "name": "Logger",
      "version": "0.0.1",
      "dependencies": {
        "logstash-client": "^1.1.1",
        "uniqid": "^4.1.1"
      }
    },
    "node_modules/backoff": {
      "version": "2.3.0",
      "resolved": "https://registry.npmjs.org/backoff/-/backoff-2.3.0.tgz",
      "integrity": "sha1-7nx+OAk/kuRyhZ22NedlJFT8Ieo=",
      "engines": {
        "node": ">= 0.6"
      }
    },
    "node_modules/debug": {
      "version": "2.6.9",
      "resolved": "https://registry.npmjs.org/debug/-/debug-2.6.9.tgz",
      "integrity": "sha512-bC7ElrdJaJnPbAP+1EotYvqZsb3ecl5wi6Bfi6BJTUcNowp6cvspg0jXznRTKDjm/E7AdgFBVeAPVMNcKGsHMA==",
      "dependencies": {
        "ms": "2.0.0"
      }
    },
    "node_modules/logstash-client": {
      "version": "1.1.1",
      "resolved": "https://registry.npmjs.org/logstash-client/-/logstash-client-1.1.1.tgz",
      "integrity": "sha1-uplqGXbDdWM1zMBrJhH2sSD0b5I=",
      "dependencies": {
        "debug": "^2.2.0",
        "reconnect-net": "0.0.0"
      }
    },
    "node_modules/macaddress": {
      "version": "0.2.9",
      "resolved": "https://registry.npmjs.org/macaddress/-/macaddress-0.2.9.tgz",
      "integrity": "sha512-k4F1JUof6cQXxNFzx3thLby4oJzXTXQueAOOts944Vqizn+Rjc2QNFenT9FJSLU1CH3PmrHRSyZs2E+Cqw+P2w=="
    },
    "node_modules/ms": {
      "version": "2.0.0",
      "resolved": "https://registry.npmjs.org/ms/-/ms-2.0.0.tgz",
      "integrity": "sha1-VgiurfwAvmwpAd9fmGF4jeDVl8g="
    },
    "node_modules/reconnect-core": {
      "version": "0.0.1",
      "resolved": "https://registry.npmjs.org/reconnect-core/-/reconnect-core-0.0.1.tgz",
      "integrity": "sha1-2ji4+KKr3gn4A7N5QjbT/K3TE7M=",
      "dependencies": {
        "backoff": "~2.3.0"
      }
    },
    "node_modules/reconnect-net": {
      "version": "0.0.0",
      "resolved": "https://registry.npmjs.org/reconnect-net/-/reconnect-net-0.0.0.tgz",
      "integrity": "sha1-cY5+0kWEHjxO1oYj/0iDuD4sxqU=",
      "dependencies": {
        "reconnect-core": "~0.0.0"
      }
    },
    "node_modules/uniqid": {
      "version": "4.1.1",
      "resolved": "https://registry.npmjs.org/uniqid/-/uniqid-4.1.1.tgz",
      "integrity": "sha1-iSIN32t1GuUrX3JISGNShZa7hME=",
      "dependencies": {
        "macaddress": "^0.2.8"
      }
    }
  }
}
